// !$*UTF8*$!
{
	archiveVersion = 1;
	classes = {
	};
	objectVersion = 56;
	objects = {

/* Begin PBXBuildFile section */
		2806E9BE2BAC5C8800CD2AE2 /* Date+Extension.swift in Sources */ = {isa = PBXBuildFile; fileRef = 2806E9BD2BAC5C8800CD2AE2 /* Date+Extension.swift */; };
		2806E9C12BAC5E6D00CD2AE2 /* ScrollController.swift in Sources */ = {isa = PBXBuildFile; fileRef = 2806E9C02BAC5E6D00CD2AE2 /* ScrollController.swift */; };
		2806E9C32BAC5EAF00CD2AE2 /* PlaybackController.swift in Sources */ = {isa = PBXBuildFile; fileRef = 2806E9C22BAC5EAF00CD2AE2 /* PlaybackController.swift */; };
		2806E9C52BAC5ED600CD2AE2 /* BrigntnessController.swift in Sources */ = {isa = PBXBuildFile; fileRef = 2806E9C42BAC5ED600CD2AE2 /* BrigntnessController.swift */; };
		2806E9C72BAC5EFD00CD2AE2 /* MissionController.swift in Sources */ = {isa = PBXBuildFile; fileRef = 2806E9C62BAC5EFD00CD2AE2 /* MissionController.swift */; };
		2806E9C92BAC6A6600CD2AE2 /* Localizable.xcstrings in Resources */ = {isa = PBXBuildFile; fileRef = 2806E9C82BAC6A6600CD2AE2 /* Localizable.xcstrings */; };
		286971102BAB2C170074C2FB /* MenuBarExtraAccess in Frameworks */ = {isa = PBXBuildFile; productRef = 2869710F2BAB2C170074C2FB /* MenuBarExtraAccess */; };
		286971152BAB2D800074C2FB /* StatusIconView.swift in Sources */ = {isa = PBXBuildFile; fileRef = 286971142BAB2D800074C2FB /* StatusIconView.swift */; };
		286971182BAB2F6F0074C2FB /* Bundle+Extension.swift in Sources */ = {isa = PBXBuildFile; fileRef = 286971172BAB2F6F0074C2FB /* Bundle+Extension.swift */; };
		2887D76B2BABFB6100D733FC /* Defaults+Extension.swift in Sources */ = {isa = PBXBuildFile; fileRef = 2887D76A2BABFB6100D733FC /* Defaults+Extension.swift */; };
		2887D76D2BABFB9800D733FC /* NSImage+Extension.swift in Sources */ = {isa = PBXBuildFile; fileRef = 2887D76C2BABFB9800D733FC /* NSImage+Extension.swift */; };
		2887D76F2BABFBD100D733FC /* SFSymbol+Extension.swift in Sources */ = {isa = PBXBuildFile; fileRef = 2887D76E2BABFBD100D733FC /* SFSymbol+Extension.swift */; };
		2887D7712BABFBFF00D733FC /* NSString+Extension.swift in Sources */ = {isa = PBXBuildFile; fileRef = 2887D7702BABFBFF00D733FC /* NSString+Extension.swift */; };
		2887D7732BABFCEA00D733FC /* Defaults+Structures.swift in Sources */ = {isa = PBXBuildFile; fileRef = 2887D7722BABFCEA00D733FC /* Defaults+Structures.swift */; };
		2887D7762BABFD2200D733FC /* Device.swift in Sources */ = {isa = PBXBuildFile; fileRef = 2887D7752BABFD2200D733FC /* Device.swift */; };
		2887D7792BABFD4E00D733FC /* SymbolRepresentation.swift in Sources */ = {isa = PBXBuildFile; fileRef = 2887D7782BABFD4E00D733FC /* SymbolRepresentation.swift */; };
		2887D77B2BABFE0E00D733FC /* Localization.swift in Sources */ = {isa = PBXBuildFile; fileRef = 2887D77A2BABFE0E00D733FC /* Localization.swift */; };
		2887D77D2BABFE8900D733FC /* Dial.swift in Sources */ = {isa = PBXBuildFile; fileRef = 2887D77C2BABFE8900D733FC /* Dial.swift */; };
		2887D7812BAC002400D733FC /* Controller.swift in Sources */ = {isa = PBXBuildFile; fileRef = 2887D7802BAC002400D733FC /* Controller.swift */; };
		2887D7832BAC005200D733FC /* MainController.swift in Sources */ = {isa = PBXBuildFile; fileRef = 2887D7822BAC005200D733FC /* MainController.swift */; };
		2887D7872BAC00AF00D733FC /* ShortcutsController.swift in Sources */ = {isa = PBXBuildFile; fileRef = 2887D7862BAC00AF00D733FC /* ShortcutsController.swift */; };
		2887D7892BAC011300D733FC /* ShortcutArray.swift in Sources */ = {isa = PBXBuildFile; fileRef = 2887D7882BAC011300D733FC /* ShortcutArray.swift */; };
		2887D78B2BAC013300D733FC /* Input.swift in Sources */ = {isa = PBXBuildFile; fileRef = 2887D78A2BAC013300D733FC /* Input.swift */; };
		28EE29B02BAB2155009005C3 /* DialApp.swift in Sources */ = {isa = PBXBuildFile; fileRef = 28EE29AF2BAB2155009005C3 /* DialApp.swift */; };
		28EE29B42BAB2156009005C3 /* Assets.xcassets in Resources */ = {isa = PBXBuildFile; fileRef = 28EE29B32BAB2156009005C3 /* Assets.xcassets */; };
		28EE29B72BAB2156009005C3 /* Preview Assets.xcassets in Resources */ = {isa = PBXBuildFile; fileRef = 28EE29B62BAB2156009005C3 /* Preview Assets.xcassets */; };
		28EE29C02BAB219E009005C3 /* SettingsView.swift in Sources */ = {isa = PBXBuildFile; fileRef = 28EE29BF2BAB219E009005C3 /* SettingsView.swift */; };
		28EE29C22BAB21AC009005C3 /* GeneralSettingsView.swift in Sources */ = {isa = PBXBuildFile; fileRef = 28EE29C12BAB21AC009005C3 /* GeneralSettingsView.swift */; };
		28EE29C42BAB21B5009005C3 /* ControllersSettingsView.swift in Sources */ = {isa = PBXBuildFile; fileRef = 28EE29C32BAB21B5009005C3 /* ControllersSettingsView.swift */; };
		28EE29C62BAB21BD009005C3 /* DialMenuSettingsView.swift in Sources */ = {isa = PBXBuildFile; fileRef = 28EE29C52BAB21BD009005C3 /* DialMenuSettingsView.swift */; };
		28EE29C82BAB21CB009005C3 /* AboutView.swift in Sources */ = {isa = PBXBuildFile; fileRef = 28EE29C72BAB21CB009005C3 /* AboutView.swift */; };
		28EE29CB2BAB2234009005C3 /* SettingsAccess in Frameworks */ = {isa = PBXBuildFile; productRef = 28EE29CA2BAB2234009005C3 /* SettingsAccess */; };
		28EE29CE2BAB2245009005C3 /* Defaults in Frameworks */ = {isa = PBXBuildFile; productRef = 28EE29CD2BAB2245009005C3 /* Defaults */; };
		28EE29D12BAB2258009005C3 /* SFSafeSymbols in Frameworks */ = {isa = PBXBuildFile; productRef = 28EE29D02BAB2258009005C3 /* SFSafeSymbols */; };
/* End PBXBuildFile section */

/* Begin PBXFileReference section */
		2806E9BD2BAC5C8800CD2AE2 /* Date+Extension.swift */ = {isa = PBXFileReference; lastKnownFileType = sourcecode.swift; path = "Date+Extension.swift"; sourceTree = "<group>"; };
		2806E9C02BAC5E6D00CD2AE2 /* ScrollController.swift */ = {isa = PBXFileReference; lastKnownFileType = sourcecode.swift; path = ScrollController.swift; sourceTree = "<group>"; };
		2806E9C22BAC5EAF00CD2AE2 /* PlaybackController.swift */ = {isa = PBXFileReference; lastKnownFileType = sourcecode.swift; path = PlaybackController.swift; sourceTree = "<group>"; };
		2806E9C42BAC5ED600CD2AE2 /* BrigntnessController.swift */ = {isa = PBXFileReference; lastKnownFileType = sourcecode.swift; path = BrigntnessController.swift; sourceTree = "<group>"; };
		2806E9C62BAC5EFD00CD2AE2 /* MissionController.swift */ = {isa = PBXFileReference; lastKnownFileType = sourcecode.swift; path = MissionController.swift; sourceTree = "<group>"; };
		2806E9C82BAC6A6600CD2AE2 /* Localizable.xcstrings */ = {isa = PBXFileReference; lastKnownFileType = text.json.xcstrings; path = Localizable.xcstrings; sourceTree = "<group>"; };
		286971142BAB2D800074C2FB /* StatusIconView.swift */ = {isa = PBXFileReference; lastKnownFileType = sourcecode.swift; path = StatusIconView.swift; sourceTree = "<group>"; };
		286971172BAB2F6F0074C2FB /* Bundle+Extension.swift */ = {isa = PBXFileReference; lastKnownFileType = sourcecode.swift; path = "Bundle+Extension.swift"; sourceTree = "<group>"; };
		2887D76A2BABFB6100D733FC /* Defaults+Extension.swift */ = {isa = PBXFileReference; lastKnownFileType = sourcecode.swift; path = "Defaults+Extension.swift"; sourceTree = "<group>"; };
		2887D76C2BABFB9800D733FC /* NSImage+Extension.swift */ = {isa = PBXFileReference; lastKnownFileType = sourcecode.swift; path = "NSImage+Extension.swift"; sourceTree = "<group>"; };
		2887D76E2BABFBD100D733FC /* SFSymbol+Extension.swift */ = {isa = PBXFileReference; lastKnownFileType = sourcecode.swift; path = "SFSymbol+Extension.swift"; sourceTree = "<group>"; };
		2887D7702BABFBFF00D733FC /* NSString+Extension.swift */ = {isa = PBXFileReference; lastKnownFileType = sourcecode.swift; path = "NSString+Extension.swift"; sourceTree = "<group>"; };
		2887D7722BABFCEA00D733FC /* Defaults+Structures.swift */ = {isa = PBXFileReference; lastKnownFileType = sourcecode.swift; path = "Defaults+Structures.swift"; sourceTree = "<group>"; };
		2887D7752BABFD2200D733FC /* Device.swift */ = {isa = PBXFileReference; lastKnownFileType = sourcecode.swift; path = Device.swift; sourceTree = "<group>"; };
		2887D7782BABFD4E00D733FC /* SymbolRepresentation.swift */ = {isa = PBXFileReference; lastKnownFileType = sourcecode.swift; path = SymbolRepresentation.swift; sourceTree = "<group>"; };
		2887D77A2BABFE0E00D733FC /* Localization.swift */ = {isa = PBXFileReference; lastKnownFileType = sourcecode.swift; path = Localization.swift; sourceTree = "<group>"; };
		2887D77C2BABFE8900D733FC /* Dial.swift */ = {isa = PBXFileReference; lastKnownFileType = sourcecode.swift; path = Dial.swift; sourceTree = "<group>"; };
		2887D77E2BABFF6400D733FC /* Dial-Bridging-Header.h */ = {isa = PBXFileReference; lastKnownFileType = sourcecode.c.h; path = "Dial-Bridging-Header.h"; sourceTree = "<group>"; };
		2887D7802BAC002400D733FC /* Controller.swift */ = {isa = PBXFileReference; lastKnownFileType = sourcecode.swift; path = Controller.swift; sourceTree = "<group>"; };
		2887D7822BAC005200D733FC /* MainController.swift */ = {isa = PBXFileReference; lastKnownFileType = sourcecode.swift; path = MainController.swift; sourceTree = "<group>"; };
		2887D7862BAC00AF00D733FC /* ShortcutsController.swift */ = {isa = PBXFileReference; lastKnownFileType = sourcecode.swift; path = ShortcutsController.swift; sourceTree = "<group>"; };
		2887D7882BAC011300D733FC /* ShortcutArray.swift */ = {isa = PBXFileReference; lastKnownFileType = sourcecode.swift; path = ShortcutArray.swift; sourceTree = "<group>"; };
		2887D78A2BAC013300D733FC /* Input.swift */ = {isa = PBXFileReference; lastKnownFileType = sourcecode.swift; path = Input.swift; sourceTree = "<group>"; };
		28EE29AC2BAB2155009005C3 /* Dial.app */ = {isa = PBXFileReference; explicitFileType = wrapper.application; includeInIndex = 0; path = Dial.app; sourceTree = BUILT_PRODUCTS_DIR; };
		28EE29AF2BAB2155009005C3 /* DialApp.swift */ = {isa = PBXFileReference; lastKnownFileType = sourcecode.swift; path = DialApp.swift; sourceTree = "<group>"; };
		28EE29B32BAB2156009005C3 /* Assets.xcassets */ = {isa = PBXFileReference; lastKnownFileType = folder.assetcatalog; path = Assets.xcassets; sourceTree = "<group>"; };
		28EE29B62BAB2156009005C3 /* Preview Assets.xcassets */ = {isa = PBXFileReference; lastKnownFileType = folder.assetcatalog; path = "Preview Assets.xcassets"; sourceTree = "<group>"; };
		28EE29B82BAB2156009005C3 /* Dial.entitlements */ = {isa = PBXFileReference; lastKnownFileType = text.plist.entitlements; path = Dial.entitlements; sourceTree = "<group>"; };
		28EE29BF2BAB219E009005C3 /* SettingsView.swift */ = {isa = PBXFileReference; lastKnownFileType = sourcecode.swift; path = SettingsView.swift; sourceTree = "<group>"; };
		28EE29C12BAB21AC009005C3 /* GeneralSettingsView.swift */ = {isa = PBXFileReference; lastKnownFileType = sourcecode.swift; path = GeneralSettingsView.swift; sourceTree = "<group>"; };
		28EE29C32BAB21B5009005C3 /* ControllersSettingsView.swift */ = {isa = PBXFileReference; lastKnownFileType = sourcecode.swift; path = ControllersSettingsView.swift; sourceTree = "<group>"; };
		28EE29C52BAB21BD009005C3 /* DialMenuSettingsView.swift */ = {isa = PBXFileReference; lastKnownFileType = sourcecode.swift; path = DialMenuSettingsView.swift; sourceTree = "<group>"; };
		28EE29C72BAB21CB009005C3 /* AboutView.swift */ = {isa = PBXFileReference; lastKnownFileType = sourcecode.swift; path = AboutView.swift; sourceTree = "<group>"; };
/* End PBXFileReference section */

/* Begin PBXFrameworksBuildPhase section */
		28EE29A92BAB2155009005C3 /* Frameworks */ = {
			isa = PBXFrameworksBuildPhase;
			buildActionMask = 2147483647;
			files = (
				28EE29D12BAB2258009005C3 /* SFSafeSymbols in Frameworks */,
				28EE29CE2BAB2245009005C3 /* Defaults in Frameworks */,
				286971102BAB2C170074C2FB /* MenuBarExtraAccess in Frameworks */,
				28EE29CB2BAB2234009005C3 /* SettingsAccess in Frameworks */,
			);
			runOnlyForDeploymentPostprocessing = 0;
		};
/* End PBXFrameworksBuildPhase section */

/* Begin PBXGroup section */
		2806E9BF2BAC5E5500CD2AE2 /* Builtin */ = {
			isa = PBXGroup;
			children = (
				2887D7822BAC005200D733FC /* MainController.swift */,
				2806E9C02BAC5E6D00CD2AE2 /* ScrollController.swift */,
				2806E9C22BAC5EAF00CD2AE2 /* PlaybackController.swift */,
				2806E9C42BAC5ED600CD2AE2 /* BrigntnessController.swift */,
				2806E9C62BAC5EFD00CD2AE2 /* MissionController.swift */,
			);
			path = Builtin;
			sourceTree = "<group>";
		};
		286971112BAB2D550074C2FB /* Status Bar */ = {
			isa = PBXGroup;
			children = (
				286971142BAB2D800074C2FB /* StatusIconView.swift */,
			);
			path = "Status Bar";
			sourceTree = "<group>";
		};
		286971162BAB2F5F0074C2FB /* Extensions */ = {
			isa = PBXGroup;
			children = (
				2887D76A2BABFB6100D733FC /* Defaults+Extension.swift */,
				2887D7722BABFCEA00D733FC /* Defaults+Structures.swift */,
				286971172BAB2F6F0074C2FB /* Bundle+Extension.swift */,
				2887D76C2BABFB9800D733FC /* NSImage+Extension.swift */,
				2887D7702BABFBFF00D733FC /* NSString+Extension.swift */,
				2887D76E2BABFBD100D733FC /* SFSymbol+Extension.swift */,
				2806E9BD2BAC5C8800CD2AE2 /* Date+Extension.swift */,
			);
			path = Extensions;
			sourceTree = "<group>";
		};
		2887D7742BABFD0B00D733FC /* Device */ = {
			isa = PBXGroup;
			children = (
				2887D7752BABFD2200D733FC /* Device.swift */,
				2887D77C2BABFE8900D733FC /* Dial.swift */,
			);
			path = Device;
			sourceTree = "<group>";
		};
		2887D7772BABFD2A00D733FC /* Utilities */ = {
			isa = PBXGroup;
			children = (
				2887D7782BABFD4E00D733FC /* SymbolRepresentation.swift */,
				2887D77A2BABFE0E00D733FC /* Localization.swift */,
				2887D7882BAC011300D733FC /* ShortcutArray.swift */,
				2887D78A2BAC013300D733FC /* Input.swift */,
			);
			path = Utilities;
			sourceTree = "<group>";
		};
		2887D77F2BAC000800D733FC /* Controllers */ = {
			isa = PBXGroup;
			children = (
				2887D7802BAC002400D733FC /* Controller.swift */,
				2806E9BF2BAC5E5500CD2AE2 /* Builtin */,
				2887D7862BAC00AF00D733FC /* ShortcutsController.swift */,
			);
			path = Controllers;
			sourceTree = "<group>";
		};
		28EE29A32BAB2155009005C3 = {
			isa = PBXGroup;
			children = (
				28EE29AE2BAB2155009005C3 /* Dial */,
				28EE29AD2BAB2155009005C3 /* Products */,
			);
			sourceTree = "<group>";
		};
		28EE29AD2BAB2155009005C3 /* Products */ = {
			isa = PBXGroup;
			children = (
				28EE29AC2BAB2155009005C3 /* Dial.app */,
			);
			name = Products;
			sourceTree = "<group>";
		};
		28EE29AE2BAB2155009005C3 /* Dial */ = {
			isa = PBXGroup;
			children = (
				2887D77E2BABFF6400D733FC /* Dial-Bridging-Header.h */,
				28EE29AF2BAB2155009005C3 /* DialApp.swift */,
				2887D7742BABFD0B00D733FC /* Device */,
				2887D77F2BAC000800D733FC /* Controllers */,
				2887D7772BABFD2A00D733FC /* Utilities */,
				286971112BAB2D550074C2FB /* Status Bar */,
				28EE29BE2BAB218D009005C3 /* Settings */,
				286971162BAB2F5F0074C2FB /* Extensions */,
				28EE29B52BAB2156009005C3 /* Preview Content */,
				28EE29B82BAB2156009005C3 /* Dial.entitlements */,
				28EE29B32BAB2156009005C3 /* Assets.xcassets */,
				2806E9C82BAC6A6600CD2AE2 /* Localizable.xcstrings */,
			);
			path = Dial;
			sourceTree = "<group>";
		};
		28EE29B52BAB2156009005C3 /* Preview Content */ = {
			isa = PBXGroup;
			children = (
				28EE29B62BAB2156009005C3 /* Preview Assets.xcassets */,
			);
			path = "Preview Content";
			sourceTree = "<group>";
		};
		28EE29BE2BAB218D009005C3 /* Settings */ = {
			isa = PBXGroup;
			children = (
				28EE29BF2BAB219E009005C3 /* SettingsView.swift */,
				28EE29C12BAB21AC009005C3 /* GeneralSettingsView.swift */,
				28EE29C32BAB21B5009005C3 /* ControllersSettingsView.swift */,
				28EE29C52BAB21BD009005C3 /* DialMenuSettingsView.swift */,
				28EE29C72BAB21CB009005C3 /* AboutView.swift */,
			);
			path = Settings;
			sourceTree = "<group>";
		};
/* End PBXGroup section */

/* Begin PBXNativeTarget section */
		28EE29AB2BAB2155009005C3 /* Dial */ = {
			isa = PBXNativeTarget;
			buildConfigurationList = 28EE29BB2BAB2156009005C3 /* Build configuration list for PBXNativeTarget "Dial" */;
			buildPhases = (
				28EE29A82BAB2155009005C3 /* Sources */,
				28EE29A92BAB2155009005C3 /* Frameworks */,
				28EE29AA2BAB2155009005C3 /* Resources */,
			);
			buildRules = (
			);
			dependencies = (
			);
			name = Dial;
			packageProductDependencies = (
				28EE29CA2BAB2234009005C3 /* SettingsAccess */,
				28EE29CD2BAB2245009005C3 /* Defaults */,
				28EE29D02BAB2258009005C3 /* SFSafeSymbols */,
				2869710F2BAB2C170074C2FB /* MenuBarExtraAccess */,
			);
			productName = Dial;
			productReference = 28EE29AC2BAB2155009005C3 /* Dial.app */;
			productType = "com.apple.product-type.application";
		};
/* End PBXNativeTarget section */

/* Begin PBXProject section */
		28EE29A42BAB2155009005C3 /* Project object */ = {
			isa = PBXProject;
			attributes = {
				BuildIndependentTargetsInParallel = 1;
				LastSwiftUpdateCheck = 1530;
				LastUpgradeCheck = 1530;
				TargetAttributes = {
					28EE29AB2BAB2155009005C3 = {
						CreatedOnToolsVersion = 15.3;
					};
				};
			};
			buildConfigurationList = 28EE29A72BAB2155009005C3 /* Build configuration list for PBXProject "Dial" */;
			compatibilityVersion = "Xcode 14.0";
			developmentRegion = en;
			hasScannedForEncodings = 0;
			knownRegions = (
				en,
				Base,
			);
			mainGroup = 28EE29A32BAB2155009005C3;
			packageReferences = (
				28EE29C92BAB2234009005C3 /* XCRemoteSwiftPackageReference "SettingsAccess" */,
				28EE29CC2BAB2245009005C3 /* XCRemoteSwiftPackageReference "Defaults" */,
				28EE29CF2BAB2258009005C3 /* XCRemoteSwiftPackageReference "SFSafeSymbols" */,
				2869710E2BAB2C170074C2FB /* XCRemoteSwiftPackageReference "MenuBarExtraAccess" */,
			);
			productRefGroup = 28EE29AD2BAB2155009005C3 /* Products */;
			projectDirPath = "";
			projectRoot = "";
			targets = (
				28EE29AB2BAB2155009005C3 /* Dial */,
			);
		};
/* End PBXProject section */

/* Begin PBXResourcesBuildPhase section */
		28EE29AA2BAB2155009005C3 /* Resources */ = {
			isa = PBXResourcesBuildPhase;
			buildActionMask = 2147483647;
			files = (
				28EE29B72BAB2156009005C3 /* Preview Assets.xcassets in Resources */,
				28EE29B42BAB2156009005C3 /* Assets.xcassets in Resources */,
				2806E9C92BAC6A6600CD2AE2 /* Localizable.xcstrings in Resources */,
			);
			runOnlyForDeploymentPostprocessing = 0;
		};
/* End PBXResourcesBuildPhase section */

/* Begin PBXSourcesBuildPhase section */
		28EE29A82BAB2155009005C3 /* Sources */ = {
			isa = PBXSourcesBuildPhase;
			buildActionMask = 2147483647;
			files = (
				2887D76F2BABFBD100D733FC /* SFSymbol+Extension.swift in Sources */,
				28EE29C62BAB21BD009005C3 /* DialMenuSettingsView.swift in Sources */,
				28EE29C82BAB21CB009005C3 /* AboutView.swift in Sources */,
				2887D77D2BABFE8900D733FC /* Dial.swift in Sources */,
				2887D7712BABFBFF00D733FC /* NSString+Extension.swift in Sources */,
				2887D76D2BABFB9800D733FC /* NSImage+Extension.swift in Sources */,
				2806E9BE2BAC5C8800CD2AE2 /* Date+Extension.swift in Sources */,
				2887D7892BAC011300D733FC /* ShortcutArray.swift in Sources */,
				2887D7762BABFD2200D733FC /* Device.swift in Sources */,
				2887D77B2BABFE0E00D733FC /* Localization.swift in Sources */,
				28EE29C02BAB219E009005C3 /* SettingsView.swift in Sources */,
				2806E9C32BAC5EAF00CD2AE2 /* PlaybackController.swift in Sources */,
				2887D7812BAC002400D733FC /* Controller.swift in Sources */,
				2887D76B2BABFB6100D733FC /* Defaults+Extension.swift in Sources */,
				2887D7732BABFCEA00D733FC /* Defaults+Structures.swift in Sources */,
				286971182BAB2F6F0074C2FB /* Bundle+Extension.swift in Sources */,
				2806E9C52BAC5ED600CD2AE2 /* BrigntnessController.swift in Sources */,
				2887D78B2BAC013300D733FC /* Input.swift in Sources */,
				28EE29C22BAB21AC009005C3 /* GeneralSettingsView.swift in Sources */,
				286971152BAB2D800074C2FB /* StatusIconView.swift in Sources */,
				2887D7872BAC00AF00D733FC /* ShortcutsController.swift in Sources */,
				28EE29C42BAB21B5009005C3 /* ControllersSettingsView.swift in Sources */,
				2806E9C12BAC5E6D00CD2AE2 /* ScrollController.swift in Sources */,
				2887D7832BAC005200D733FC /* MainController.swift in Sources */,
				2887D7792BABFD4E00D733FC /* SymbolRepresentation.swift in Sources */,
				2806E9C72BAC5EFD00CD2AE2 /* MissionController.swift in Sources */,
				28EE29B02BAB2155009005C3 /* DialApp.swift in Sources */,
			);
			runOnlyForDeploymentPostprocessing = 0;
		};
/* End PBXSourcesBuildPhase section */

/* Begin XCBuildConfiguration section */
		28EE29B92BAB2156009005C3 /* Debug */ = {
			isa = XCBuildConfiguration;
			buildSettings = {
				ALWAYS_SEARCH_USER_PATHS = NO;
				ASSETCATALOG_COMPILER_GENERATE_SWIFT_ASSET_SYMBOL_EXTENSIONS = YES;
				CLANG_ANALYZER_NONNULL = YES;
				CLANG_ANALYZER_NUMBER_OBJECT_CONVERSION = YES_AGGRESSIVE;
				CLANG_CXX_LANGUAGE_STANDARD = "gnu++20";
				CLANG_ENABLE_MODULES = YES;
				CLANG_ENABLE_OBJC_ARC = YES;
				CLANG_ENABLE_OBJC_WEAK = YES;
				CLANG_WARN_BLOCK_CAPTURE_AUTORELEASING = YES;
				CLANG_WARN_BOOL_CONVERSION = YES;
				CLANG_WARN_COMMA = YES;
				CLANG_WARN_CONSTANT_CONVERSION = YES;
				CLANG_WARN_DEPRECATED_OBJC_IMPLEMENTATIONS = YES;
				CLANG_WARN_DIRECT_OBJC_ISA_USAGE = YES_ERROR;
				CLANG_WARN_DOCUMENTATION_COMMENTS = YES;
				CLANG_WARN_EMPTY_BODY = YES;
				CLANG_WARN_ENUM_CONVERSION = YES;
				CLANG_WARN_INFINITE_RECURSION = YES;
				CLANG_WARN_INT_CONVERSION = YES;
				CLANG_WARN_NON_LITERAL_NULL_CONVERSION = YES;
				CLANG_WARN_OBJC_IMPLICIT_RETAIN_SELF = YES;
				CLANG_WARN_OBJC_LITERAL_CONVERSION = YES;
				CLANG_WARN_OBJC_ROOT_CLASS = YES_ERROR;
				CLANG_WARN_QUOTED_INCLUDE_IN_FRAMEWORK_HEADER = YES;
				CLANG_WARN_RANGE_LOOP_ANALYSIS = YES;
				CLANG_WARN_STRICT_PROTOTYPES = YES;
				CLANG_WARN_SUSPICIOUS_MOVE = YES;
				CLANG_WARN_UNGUARDED_AVAILABILITY = YES_AGGRESSIVE;
				CLANG_WARN_UNREACHABLE_CODE = YES;
				CLANG_WARN__DUPLICATE_METHOD_MATCH = YES;
				COPY_PHASE_STRIP = NO;
				DEBUG_INFORMATION_FORMAT = dwarf;
				ENABLE_STRICT_OBJC_MSGSEND = YES;
				ENABLE_TESTABILITY = YES;
				ENABLE_USER_SCRIPT_SANDBOXING = YES;
				GCC_C_LANGUAGE_STANDARD = gnu17;
				GCC_DYNAMIC_NO_PIC = NO;
				GCC_NO_COMMON_BLOCKS = YES;
				GCC_OPTIMIZATION_LEVEL = 0;
				GCC_PREPROCESSOR_DEFINITIONS = (
					"DEBUG=1",
					"$(inherited)",
				);
				GCC_WARN_64_TO_32_BIT_CONVERSION = YES;
				GCC_WARN_ABOUT_RETURN_TYPE = YES_ERROR;
				GCC_WARN_UNDECLARED_SELECTOR = YES;
				GCC_WARN_UNINITIALIZED_AUTOS = YES_AGGRESSIVE;
				GCC_WARN_UNUSED_FUNCTION = YES;
				GCC_WARN_UNUSED_VARIABLE = YES;
				LOCALIZATION_PREFERS_STRING_CATALOGS = YES;
				MACOSX_DEPLOYMENT_TARGET = 14.4;
				MTL_ENABLE_DEBUG_INFO = INCLUDE_SOURCE;
				MTL_FAST_MATH = YES;
				ONLY_ACTIVE_ARCH = YES;
				SDKROOT = macosx;
				SWIFT_ACTIVE_COMPILATION_CONDITIONS = "DEBUG $(inherited)";
				SWIFT_OPTIMIZATION_LEVEL = "-Onone";
			};
			name = Debug;
		};
		28EE29BA2BAB2156009005C3 /* Release */ = {
			isa = XCBuildConfiguration;
			buildSettings = {
				ALWAYS_SEARCH_USER_PATHS = NO;
				ASSETCATALOG_COMPILER_GENERATE_SWIFT_ASSET_SYMBOL_EXTENSIONS = YES;
				CLANG_ANALYZER_NONNULL = YES;
				CLANG_ANALYZER_NUMBER_OBJECT_CONVERSION = YES_AGGRESSIVE;
				CLANG_CXX_LANGUAGE_STANDARD = "gnu++20";
				CLANG_ENABLE_MODULES = YES;
				CLANG_ENABLE_OBJC_ARC = YES;
				CLANG_ENABLE_OBJC_WEAK = YES;
				CLANG_WARN_BLOCK_CAPTURE_AUTORELEASING = YES;
				CLANG_WARN_BOOL_CONVERSION = YES;
				CLANG_WARN_COMMA = YES;
				CLANG_WARN_CONSTANT_CONVERSION = YES;
				CLANG_WARN_DEPRECATED_OBJC_IMPLEMENTATIONS = YES;
				CLANG_WARN_DIRECT_OBJC_ISA_USAGE = YES_ERROR;
				CLANG_WARN_DOCUMENTATION_COMMENTS = YES;
				CLANG_WARN_EMPTY_BODY = YES;
				CLANG_WARN_ENUM_CONVERSION = YES;
				CLANG_WARN_INFINITE_RECURSION = YES;
				CLANG_WARN_INT_CONVERSION = YES;
				CLANG_WARN_NON_LITERAL_NULL_CONVERSION = YES;
				CLANG_WARN_OBJC_IMPLICIT_RETAIN_SELF = YES;
				CLANG_WARN_OBJC_LITERAL_CONVERSION = YES;
				CLANG_WARN_OBJC_ROOT_CLASS = YES_ERROR;
				CLANG_WARN_QUOTED_INCLUDE_IN_FRAMEWORK_HEADER = YES;
				CLANG_WARN_RANGE_LOOP_ANALYSIS = YES;
				CLANG_WARN_STRICT_PROTOTYPES = YES;
				CLANG_WARN_SUSPICIOUS_MOVE = YES;
				CLANG_WARN_UNGUARDED_AVAILABILITY = YES_AGGRESSIVE;
				CLANG_WARN_UNREACHABLE_CODE = YES;
				CLANG_WARN__DUPLICATE_METHOD_MATCH = YES;
				COPY_PHASE_STRIP = NO;
				DEBUG_INFORMATION_FORMAT = "dwarf-with-dsym";
				ENABLE_NS_ASSERTIONS = NO;
				ENABLE_STRICT_OBJC_MSGSEND = YES;
				ENABLE_USER_SCRIPT_SANDBOXING = YES;
				GCC_C_LANGUAGE_STANDARD = gnu17;
				GCC_NO_COMMON_BLOCKS = YES;
				GCC_WARN_64_TO_32_BIT_CONVERSION = YES;
				GCC_WARN_ABOUT_RETURN_TYPE = YES_ERROR;
				GCC_WARN_UNDECLARED_SELECTOR = YES;
				GCC_WARN_UNINITIALIZED_AUTOS = YES_AGGRESSIVE;
				GCC_WARN_UNUSED_FUNCTION = YES;
				GCC_WARN_UNUSED_VARIABLE = YES;
				LOCALIZATION_PREFERS_STRING_CATALOGS = YES;
				MACOSX_DEPLOYMENT_TARGET = 14.4;
				MTL_ENABLE_DEBUG_INFO = NO;
				MTL_FAST_MATH = YES;
				SDKROOT = macosx;
				SWIFT_COMPILATION_MODE = wholemodule;
			};
			name = Release;
		};
		28EE29BC2BAB2156009005C3 /* Debug */ = {
			isa = XCBuildConfiguration;
			buildSettings = {
				ASSETCATALOG_COMPILER_APPICON_NAME = AppIcon;
				ASSETCATALOG_COMPILER_GLOBAL_ACCENT_COLOR_NAME = AccentColor;
				CODE_SIGN_ENTITLEMENTS = Dial/Dial.entitlements;
				CODE_SIGN_STYLE = Automatic;
				COMBINE_HIDPI_IMAGES = YES;
				CURRENT_PROJECT_VERSION = 1;
				DEVELOPMENT_ASSET_PATHS = "\"Dial/Preview Content\"";
				DEVELOPMENT_TEAM = 7XRF3J9RS4;
				ENABLE_HARDENED_RUNTIME = YES;
				ENABLE_PREVIEWS = YES;
				GENERATE_INFOPLIST_FILE = YES;
				HEADER_SEARCH_PATHS = "$(SRCROOT)/lib/hidapi/hidapi";
				INFOPLIST_KEY_LSUIElement = YES;
				INFOPLIST_KEY_NSHumanReadableCopyright = "";
				LD_RUNPATH_SEARCH_PATHS = (
					"$(inherited)",
					"@executable_path/../Frameworks",
				);
				LIBRARY_SEARCH_PATHS = "$(SRCROOT)/lib/hidapi/build/src/mac";
				MARKETING_VERSION = 1.0;
				PRODUCT_BUNDLE_IDENTIFIER = studio.nnn.Dial;
				PRODUCT_NAME = "$(TARGET_NAME)";
				SWIFT_EMIT_LOC_STRINGS = YES;
				SWIFT_OBJC_BRIDGING_HEADER = "$(SRCROOT)/Dial/Dial-Bridging-Header.h";
				SWIFT_VERSION = 5.0;
			};
			name = Debug;
		};
		28EE29BD2BAB2156009005C3 /* Release */ = {
			isa = XCBuildConfiguration;
			buildSettings = {
				ASSETCATALOG_COMPILER_APPICON_NAME = AppIcon;
				ASSETCATALOG_COMPILER_GLOBAL_ACCENT_COLOR_NAME = AccentColor;
				CODE_SIGN_ENTITLEMENTS = Dial/Dial.entitlements;
				CODE_SIGN_STYLE = Automatic;
				COMBINE_HIDPI_IMAGES = YES;
				CURRENT_PROJECT_VERSION = 1;
				DEVELOPMENT_ASSET_PATHS = "\"Dial/Preview Content\"";
				DEVELOPMENT_TEAM = 7XRF3J9RS4;
				ENABLE_HARDENED_RUNTIME = YES;
				ENABLE_PREVIEWS = YES;
				GENERATE_INFOPLIST_FILE = YES;
				HEADER_SEARCH_PATHS = "$(SRCROOT)/lib/hidapi/hidapi";
				INFOPLIST_KEY_LSUIElement = YES;
				INFOPLIST_KEY_NSHumanReadableCopyright = "";
				LD_RUNPATH_SEARCH_PATHS = (
					"$(inherited)",
					"@executable_path/../Frameworks",
				);
				LIBRARY_SEARCH_PATHS = "$(SRCROOT)/lib/hidapi/build/src/mac";
				"LIBRARY_SEARCH_PATHS[arch=x86_64]" = "$(SRCROOT)/lib/hidapi/build_x86/src/mac";
				MARKETING_VERSION = 1.0;
				PRODUCT_BUNDLE_IDENTIFIER = studio.nnn.Dial;
				PRODUCT_NAME = "$(TARGET_NAME)";
				SWIFT_EMIT_LOC_STRINGS = YES;
				SWIFT_OBJC_BRIDGING_HEADER = "$(SRCROOT)/Dial/Dial-Bridging-Header.h";
				SWIFT_VERSION = 5.0;
			};
			name = Release;
		};
/* End XCBuildConfiguration section */

/* Begin XCConfigurationList section */
		28EE29A72BAB2155009005C3 /* Build configuration list for PBXProject "Dial" */ = {
			isa = XCConfigurationList;
			buildConfigurations = (
				28EE29B92BAB2156009005C3 /* Debug */,
				28EE29BA2BAB2156009005C3 /* Release */,
			);
			defaultConfigurationIsVisible = 0;
			defaultConfigurationName = Release;
		};
		28EE29BB2BAB2156009005C3 /* Build configuration list for PBXNativeTarget "Dial" */ = {
			isa = XCConfigurationList;
			buildConfigurations = (
				28EE29BC2BAB2156009005C3 /* Debug */,
				28EE29BD2BAB2156009005C3 /* Release */,
			);
			defaultConfigurationIsVisible = 0;
			defaultConfigurationName = Release;
		};
/* End XCConfigurationList section */

/* Begin XCRemoteSwiftPackageReference section */
		2869710E2BAB2C170074C2FB /* XCRemoteSwiftPackageReference "MenuBarExtraAccess" */ = {
			isa = XCRemoteSwiftPackageReference;
			repositoryURL = "https://github.com/orchetect/MenuBarExtraAccess";
			requirement = {
				kind = upToNextMajorVersion;
				minimumVersion = 1.0.5;
			};
		};
		28EE29C92BAB2234009005C3 /* XCRemoteSwiftPackageReference "SettingsAccess" */ = {
			isa = XCRemoteSwiftPackageReference;
			repositoryURL = "https://github.com/orchetect/SettingsAccess";
			requirement = {
				kind = upToNextMajorVersion;
				minimumVersion = 1.4.0;
			};
		};
		28EE29CC2BAB2245009005C3 /* XCRemoteSwiftPackageReference "Defaults" */ = {
			isa = XCRemoteSwiftPackageReference;
			repositoryURL = "https://github.com/sindresorhus/Defaults";
			requirement = {
				branch = main;
				kind = branch;
			};
		};
		28EE29CF2BAB2258009005C3 /* XCRemoteSwiftPackageReference "SFSafeSymbols" */ = {
			isa = XCRemoteSwiftPackageReference;
			repositoryURL = "https://github.com/SFSafeSymbols/SFSafeSymbols";
			requirement = {
				kind = upToNextMajorVersion;
				minimumVersion = 5.2.0;
			};
		};
/* End XCRemoteSwiftPackageReference section */

/* Begin XCSwiftPackageProductDependency section */
		2869710F2BAB2C170074C2FB /* MenuBarExtraAccess */ = {
			isa = XCSwiftPackageProductDependency;
			package = 2869710E2BAB2C170074C2FB /* XCRemoteSwiftPackageReference "MenuBarExtraAccess" */;
			productName = MenuBarExtraAccess;
		};
		28EE29CA2BAB2234009005C3 /* SettingsAccess */ = {
			isa = XCSwiftPackageProductDependency;
			package = 28EE29C92BAB2234009005C3 /* XCRemoteSwiftPackageReference "SettingsAccess" */;
			productName = SettingsAccess;
		};
		28EE29CD2BAB2245009005C3 /* Defaults */ = {
			isa = XCSwiftPackageProductDependency;
			package = 28EE29CC2BAB2245009005C3 /* XCRemoteSwiftPackageReference "Defaults" */;
			productName = Defaults;
		};
		28EE29D02BAB2258009005C3 /* SFSafeSymbols */ = {
			isa = XCSwiftPackageProductDependency;
			package = 28EE29CF2BAB2258009005C3 /* XCRemoteSwiftPackageReference "SFSafeSymbols" */;
			productName = SFSafeSymbols;
		};
/* End XCSwiftPackageProductDependency section */
	};
	rootObject = 28EE29A42BAB2155009005C3 /* Project object */;
}
